
Microsoft Visual Studio Solution File, Format Version 12.00
# Visual Studio Version 17
VisualStudioVersion = 17.13.35825.156 d17.13
MinimumVisualStudioVersion = 10.0.40219.1
Project("{FAE04EC0-301F-11D3-BF4B-00C04F79EFBC}") = "BMI_client", "BMI_client\BMI_client.csproj", "{D4824C4F-CBFE-4199-97E4-648A24541AD8}"
EndProject
Global
	GlobalSection(SolutionConfigurationPlatforms) = preSolution
		Debug|Any CPU = Debug|Any CPU
		Release|Any CPU = Release|Any CPU
	EndGlobalSection
	GlobalSection(ProjectConfigurationPlatforms) = postSolution
		{D4824C4F-CBFE-4199-97E4-648A24541AD8}.Debug|Any CPU.ActiveCfg = Debug|Any CPU
		{D4824C4F-CBFE-4199-97E4-648A24541AD8}.Debug|Any CPU.Build.0 = Debug|Any CPU
		{D4824C4F-CBFE-4199-97E4-648A24541AD8}.Release|Any CPU.ActiveCfg = Release|Any CPU
		{D4824C4F-CBFE-4199-97E4-648A24541AD8}.Release|Any CPU.Build.0 = Release|Any CPU
	EndGlobalSection
	GlobalSection(SolutionProperties) = preSolution
		HideSolutionNode = FALSE
	EndGlobalSection
	GlobalSection(ExtensibilityGlobals) = postSolution
		SolutionGuid = {1401F271-4436-411C-ACB5-8C04F739B5ED}
	EndGlobalSection
EndGlobal
